
Microsoft Visual Studio Solution File, Format Version 12.00
# Visual Studio Version 16
VisualStudioVersion = 16.0.810.14
MinimumVisualStudioVersion = 10.0.40219.1
Project("{2150E333-8FDC-42A3-9474-1A3956D46DE8}") = "Services", "Services", "{FBF33A86-7CEE-49E7-9DCC-18AFE343F191}"
EndProject
Project("{2150E333-8FDC-42A3-9474-1A3956D46DE8}") = "Catalog", "Catalog", "{C2192F18-C249-4A2D-9204-417447FEC952}"
EndProject
Project("{FAE04EC0-301F-11D3-BF4B-00C04F79EFBC}") = "Catalog.API", "Services\Catalog\Catalog.API\Catalog.API.csproj", "{79DA24B8-1CC6-4E46-9CC0-A0A01571D95F}"
EndProject
Project("{E53339B2-1760-4266-BCC7-CA923CBCF16C}") = "docker-compose", "docker-compose.dcproj", "{7569B04C-7589-429D-95E0-88EBA219E504}"
EndProject
Project("{2150E333-8FDC-42A3-9474-1A3956D46DE8}") = "Basket", "Basket", "{37F21F1D-CF2F-41F5-928D-FDBC3E4D7F53}"
EndProject
Project("{FAE04EC0-301F-11D3-BF4B-00C04F79EFBC}") = "Basket.API", "Services\Basket\Basket.API\Basket.API.csproj", "{9309BF26-9E0B-44FF-A4A9-E2B2796A6943}"
EndProject
Project("{2150E333-8FDC-42A3-9474-1A3956D46DE8}") = "Discount", "Discount", "{D0DCC000-D777-4DEB-AAAB-8E307C95665A}"
EndProject
Project("{FAE04EC0-301F-11D3-BF4B-00C04F79EFBC}") = "Discount.API", "Services\Discount\Discount.API\Discount.API.csproj", "{3489A1BC-A3FE-467C-8778-DF5853006E11}"
EndProject
Project("{FAE04EC0-301F-11D3-BF4B-00C04F79EFBC}") = "Discount.Grpc", "Services\Discount\Discount.Grpc\Discount.Grpc.csproj", "{AF101640-960B-4EE3-B093-5312675E8B70}"
EndProject
Project("{2150E333-8FDC-42A3-9474-1A3956D46DE8}") = "Ordering", "Ordering", "{F4CE46B0-98B0-423F-9651-3C1563377CC0}"
EndProject
Project("{FAE04EC0-301F-11D3-BF4B-00C04F79EFBC}") = "Ordering.API", "Services\Ordering\Ordering.API\Ordering.API.csproj", "{93BFB961-9D34-4E10-84E9-369B1E4BF6EC}"
EndProject
Project("{FAE04EC0-301F-11D3-BF4B-00C04F79EFBC}") = "Ordering.Domain", "Services\Ordering\Ordering.Domain\Ordering.Domain.csproj", "{8E454B09-048D-403B-B3F6-D29D83C30954}"
EndProject
Global
	GlobalSection(SolutionConfigurationPlatforms) = preSolution
		Debug|Any CPU = Debug|Any CPU
		Release|Any CPU = Release|Any CPU
	EndGlobalSection
	GlobalSection(ProjectConfigurationPlatforms) = postSolution
		{79DA24B8-1CC6-4E46-9CC0-A0A01571D95F}.Debug|Any CPU.ActiveCfg = Debug|Any CPU
		{79DA24B8-1CC6-4E46-9CC0-A0A01571D95F}.Debug|Any CPU.Build.0 = Debug|Any CPU
		{79DA24B8-1CC6-4E46-9CC0-A0A01571D95F}.Release|Any CPU.ActiveCfg = Release|Any CPU
		{79DA24B8-1CC6-4E46-9CC0-A0A01571D95F}.Release|Any CPU.Build.0 = Release|Any CPU
		{7569B04C-7589-429D-95E0-88EBA219E504}.Debug|Any CPU.ActiveCfg = Debug|Any CPU
		{7569B04C-7589-429D-95E0-88EBA219E504}.Debug|Any CPU.Build.0 = Debug|Any CPU
		{7569B04C-7589-429D-95E0-88EBA219E504}.Release|Any CPU.ActiveCfg = Release|Any CPU
		{7569B04C-7589-429D-95E0-88EBA219E504}.Release|Any CPU.Build.0 = Release|Any CPU
		{9309BF26-9E0B-44FF-A4A9-E2B2796A6943}.Debug|Any CPU.ActiveCfg = Debug|Any CPU
		{9309BF26-9E0B-44FF-A4A9-E2B2796A6943}.Debug|Any CPU.Build.0 = Debug|Any CPU
		{9309BF26-9E0B-44FF-A4A9-E2B2796A6943}.Release|Any CPU.ActiveCfg = Release|Any CPU
		{9309BF26-9E0B-44FF-A4A9-E2B2796A6943}.Release|Any CPU.Build.0 = Release|Any CPU
		{3489A1BC-A3FE-467C-8778-DF5853006E11}.Debug|Any CPU.ActiveCfg = Debug|Any CPU
		{3489A1BC-A3FE-467C-8778-DF5853006E11}.Debug|Any CPU.Build.0 = Debug|Any CPU
		{3489A1BC-A3FE-467C-8778-DF5853006E11}.Release|Any CPU.ActiveCfg = Release|Any CPU
		{3489A1BC-A3FE-467C-8778-DF5853006E11}.Release|Any CPU.Build.0 = Release|Any CPU
		{AF101640-960B-4EE3-B093-5312675E8B70}.Debug|Any CPU.ActiveCfg = Debug|Any CPU
		{AF101640-960B-4EE3-B093-5312675E8B70}.Debug|Any CPU.Build.0 = Debug|Any CPU
		{AF101640-960B-4EE3-B093-5312675E8B70}.Release|Any CPU.ActiveCfg = Release|Any CPU
		{AF101640-960B-4EE3-B093-5312675E8B70}.Release|Any CPU.Build.0 = Release|Any CPU
		{93BFB961-9D34-4E10-84E9-369B1E4BF6EC}.Debug|Any CPU.ActiveCfg = Debug|Any CPU
		{93BFB961-9D34-4E10-84E9-369B1E4BF6EC}.Debug|Any CPU.Build.0 = Debug|Any CPU
		{93BFB961-9D34-4E10-84E9-369B1E4BF6EC}.Release|Any CPU.ActiveCfg = Release|Any CPU
		{93BFB961-9D34-4E10-84E9-369B1E4BF6EC}.Release|Any CPU.Build.0 = Release|Any CPU
		{8E454B09-048D-403B-B3F6-D29D83C30954}.Debug|Any CPU.ActiveCfg = Debug|Any CPU
		{8E454B09-048D-403B-B3F6-D29D83C30954}.Debug|Any CPU.Build.0 = Debug|Any CPU
		{8E454B09-048D-403B-B3F6-D29D83C30954}.Release|Any CPU.ActiveCfg = Release|Any CPU
		{8E454B09-048D-403B-B3F6-D29D83C30954}.Release|Any CPU.Build.0 = Release|Any CPU
	EndGlobalSection
	GlobalSection(SolutionProperties) = preSolution
		HideSolutionNode = FALSE
	EndGlobalSection
	GlobalSection(ExtensibilityGlobals) = postSolution
		SolutionGuid = {0E9C5D14-C05D-486A-A751-71155A92D83E}
	EndGlobalSection
	GlobalSection(NestedProjects) = preSolution
		{C2192F18-C249-4A2D-9204-417447FEC952} = {FBF33A86-7CEE-49E7-9DCC-18AFE343F191}
		{79DA24B8-1CC6-4E46-9CC0-A0A01571D95F} = {C2192F18-C249-4A2D-9204-417447FEC952}
		{37F21F1D-CF2F-41F5-928D-FDBC3E4D7F53} = {FBF33A86-7CEE-49E7-9DCC-18AFE343F191}
		{9309BF26-9E0B-44FF-A4A9-E2B2796A6943} = {37F21F1D-CF2F-41F5-928D-FDBC3E4D7F53}
		{D0DCC000-D777-4DEB-AAAB-8E307C95665A} = {FBF33A86-7CEE-49E7-9DCC-18AFE343F191}
		{3489A1BC-A3FE-467C-8778-DF5853006E11} = {D0DCC000-D777-4DEB-AAAB-8E307C95665A}
		{AF101640-960B-4EE3-B093-5312675E8B70} = {D0DCC000-D777-4DEB-AAAB-8E307C95665A}
		{F4CE46B0-98B0-423F-9651-3C1563377CC0} = {FBF33A86-7CEE-49E7-9DCC-18AFE343F191}
		{93BFB961-9D34-4E10-84E9-369B1E4BF6EC} = {F4CE46B0-98B0-423F-9651-3C1563377CC0}
		{8E454B09-048D-403B-B3F6-D29D83C30954} = {F4CE46B0-98B0-423F-9651-3C1563377CC0}
	EndGlobalSection
EndGlobal
